
Microsoft Visual Studio Solution File, Format Version 12.00
# Visual Studio Version 17
VisualStudioVersion = 17.9.34701.34
MinimumVisualStudioVersion = 10.0.40219.1
Project("{FAE04EC0-301F-11D3-BF4B-00C04F79EFBC}") = "Hotel.Api", "HotelApi\Hotel.Api.csproj", "{E0C7BC71-2834-47EA-8954-FBF9BC286464}"
EndProject
Global
	GlobalSection(SolutionConfigurationPlatforms) = preSolution
		Debug|Any CPU = Debug|Any CPU
		Release|Any CPU = Release|Any CPU
	EndGlobalSection
	GlobalSection(ProjectConfigurationPlatforms) = postSolution
		{E0C7BC71-2834-47EA-8954-FBF9BC286464}.Debug|Any CPU.ActiveCfg = Debug|Any CPU
		{E0C7BC71-2834-47EA-8954-FBF9BC286464}.Debug|Any CPU.Build.0 = Debug|Any CPU
		{E0C7BC71-2834-47EA-8954-FBF9BC286464}.Release|Any CPU.ActiveCfg = Release|Any CPU
		{E0C7BC71-2834-47EA-8954-FBF9BC286464}.Release|Any CPU.Build.0 = Release|Any CPU
	EndGlobalSection
	GlobalSection(SolutionProperties) = preSolution
		HideSolutionNode = FALSE
	EndGlobalSection
	GlobalSection(ExtensibilityGlobals) = postSolution
		SolutionGuid = {D279EA99-1DAB-4D7C-8E1E-4353D59C7E76}
	EndGlobalSection
EndGlobal
